
Microsoft Visual Studio Solution File, Format Version 12.00
# Visual Studio Version 17
VisualStudioVersion = 17.5.33424.131
MinimumVisualStudioVersion = 10.0.40219.1
Project("{8BC9CEB8-8B4A-11D0-8D11-00A0C91BC942}") = "BendersDual", "BendersDual\BendersDual.vcxproj", "{53504C5F-96D0-4B56-9515-182281E7CC96}"
EndProject
Project("{8BC9CEB8-8B4A-11D0-8D11-00A0C91BC942}") = "单纯形法", "单纯形法\单纯形法.vcxproj", "{4663FC7A-7A78-4136-8630-E81AC6360F9B}"
EndProject
Global
	GlobalSection(SolutionConfigurationPlatforms) = preSolution
		Debug|x64 = Debug|x64
		Debug|x86 = Debug|x86
		Release|x64 = Release|x64
		Release|x86 = Release|x86
	EndGlobalSection
	GlobalSection(ProjectConfigurationPlatforms) = postSolution
		{53504C5F-96D0-4B56-9515-182281E7CC96}.Debug|x64.ActiveCfg = Debug|x64
		{53504C5F-96D0-4B56-9515-182281E7CC96}.Debug|x64.Build.0 = Debug|x64
		{53504C5F-96D0-4B56-9515-182281E7CC96}.Debug|x86.ActiveCfg = Debug|Win32
		{53504C5F-96D0-4B56-9515-182281E7CC96}.Debug|x86.Build.0 = Debug|Win32
		{53504C5F-96D0-4B56-9515-182281E7CC96}.Release|x64.ActiveCfg = Release|x64
		{53504C5F-96D0-4B56-9515-182281E7CC96}.Release|x64.Build.0 = Release|x64
		{53504C5F-96D0-4B56-9515-182281E7CC96}.Release|x86.ActiveCfg = Release|Win32
		{53504C5F-96D0-4B56-9515-182281E7CC96}.Release|x86.Build.0 = Release|Win32
		{4663FC7A-7A78-4136-8630-E81AC6360F9B}.Debug|x64.ActiveCfg = Debug|x64
		{4663FC7A-7A78-4136-8630-E81AC6360F9B}.Debug|x64.Build.0 = Debug|x64
		{4663FC7A-7A78-4136-8630-E81AC6360F9B}.Debug|x86.ActiveCfg = Debug|Win32
		{4663FC7A-7A78-4136-8630-E81AC6360F9B}.Debug|x86.Build.0 = Debug|Win32
		{4663FC7A-7A78-4136-8630-E81AC6360F9B}.Release|x64.ActiveCfg = Release|x64
		{4663FC7A-7A78-4136-8630-E81AC6360F9B}.Release|x64.Build.0 = Release|x64
		{4663FC7A-7A78-4136-8630-E81AC6360F9B}.Release|x86.ActiveCfg = Release|Win32
		{4663FC7A-7A78-4136-8630-E81AC6360F9B}.Release|x86.Build.0 = Release|Win32
	EndGlobalSection
	GlobalSection(SolutionProperties) = preSolution
		HideSolutionNode = FALSE
	EndGlobalSection
	GlobalSection(ExtensibilityGlobals) = postSolution
		SolutionGuid = {8DF15C7C-BE06-4289-A0E9-549526F8368D}
	EndGlobalSection
EndGlobal
